// !$*UTF8*$!
{
	archiveVersion = 1;
	classes = {
	};
	objectVersion = 46;
	objects = {

/* Begin PBXBuildFile section */
		1E16229B1F14F5BB007D777B /* InterfaceController.swift in Sources */ = {isa = PBXBuildFile; fileRef = 1E76BDD51F14F104006560AA /* InterfaceController.swift */; };
		1E1622A31F14F9AF007D777B /* Assets.xcassets in Resources */ = {isa = PBXBuildFile; fileRef = 1E76BDC91F14F104006560AA /* Assets.xcassets */; };
		1E2722E61F0BC7A5003BD7F3 /* Stickers.xcassets in Resources */ = {isa = PBXBuildFile; fileRef = 1E2722E51F0BC7A5003BD7F3 /* Stickers.xcassets */; };
		1E2722EA1F0BC7A5003BD7F3 /* Rune Stickers.appex in Embed App Extensions */ = {isa = PBXBuildFile; fileRef = 1E2722E31F0BC7A5003BD7F3 /* Rune Stickers.appex */; settings = {ATTRIBUTES = (RemoveHeadersOnCopy, ); }; };
		1E3E164F1EFDCC5B00BF6774 /* AppDelegate.swift in Sources */ = {isa = PBXBuildFile; fileRef = 1E3E164E1EFDCC5B00BF6774 /* AppDelegate.swift */; };
		1E3E16511EFDCC5B00BF6774 /* ViewController.swift in Sources */ = {isa = PBXBuildFile; fileRef = 1E3E16501EFDCC5B00BF6774 /* ViewController.swift */; };
		1E3E16541EFDCC5B00BF6774 /* Main.storyboard in Resources */ = {isa = PBXBuildFile; fileRef = 1E3E16521EFDCC5B00BF6774 /* Main.storyboard */; };
		1E3E16561EFDCC5B00BF6774 /* Assets.xcassets in Resources */ = {isa = PBXBuildFile; fileRef = 1E3E16551EFDCC5B00BF6774 /* Assets.xcassets */; };
		1E3E16591EFDCC5B00BF6774 /* LaunchScreen.storyboard in Resources */ = {isa = PBXBuildFile; fileRef = 1E3E16571EFDCC5B00BF6774 /* LaunchScreen.storyboard */; };
		1E3E16611EFDCDBC00BF6774 /* Rune.swift in Sources */ = {isa = PBXBuildFile; fileRef = 1E3E16601EFDCDBC00BF6774 /* Rune.swift */; };
		1E4404B91EFDD51400A8193E /* SecondViewController.swift in Sources */ = {isa = PBXBuildFile; fileRef = 1E4404B81EFDD51400A8193E /* SecondViewController.swift */; };
		1E76BDC81F14F104006560AA /* Interface.storyboard in Resources */ = {isa = PBXBuildFile; fileRef = 1E76BDC61F14F104006560AA /* Interface.storyboard */; };
		1E76BDD11F14F104006560AA /* Rune Cast Extension.appex in Embed App Extensions */ = {isa = PBXBuildFile; fileRef = 1E76BDD01F14F104006560AA /* Rune Cast Extension.appex */; settings = {ATTRIBUTES = (RemoveHeadersOnCopy, ); }; };
		1E76BDD81F14F104006560AA /* ExtensionDelegate.swift in Sources */ = {isa = PBXBuildFile; fileRef = 1E76BDD71F14F104006560AA /* ExtensionDelegate.swift */; };
		1E76BDDE1F14F104006560AA /* Rune Cast.app in Embed Watch Content */ = {isa = PBXBuildFile; fileRef = 1E76BDC41F14F104006560AA /* Rune Cast.app */; };
		1EAEAD481F7D367B003A4695 /* Assets.xcassets in Resources */ = {isa = PBXBuildFile; fileRef = 1E76BDD91F14F104006560AA /* Assets.xcassets */; };
		1EAEAD491F7D36A1003A4695 /* InterfaceController.swift in Sources */ = {isa = PBXBuildFile; fileRef = 1E76BDD51F14F104006560AA /* InterfaceController.swift */; };
		1EC1BCB51F06F21900F19EFB /* InfoViewController.swift in Sources */ = {isa = PBXBuildFile; fileRef = 1EC1BCB41F06F21900F19EFB /* InfoViewController.swift */; };
		1ECE205A1F06C02C009CC2D8 /* CastingViewController.swift in Sources */ = {isa = PBXBuildFile; fileRef = 1ECE20591F06C02C009CC2D8 /* CastingViewController.swift */; };
		1ED696261FA796770095A3DD /* SettingsViewController.swift in Sources */ = {isa = PBXBuildFile; fileRef = 1ED696251FA796770095A3DD /* SettingsViewController.swift */; };
/* End PBXBuildFile section */

/* Begin PBXContainerItemProxy section */
		1E2722E81F0BC7A5003BD7F3 /* PBXContainerItemProxy */ = {
			isa = PBXContainerItemProxy;
			containerPortal = 1E3E16431EFDCC5B00BF6774 /* Project object */;
			proxyType = 1;
			remoteGlobalIDString = 1E2722E21F0BC7A5003BD7F3;
			remoteInfo = "Rune Stickers";
		};
		1E76BDD21F14F104006560AA /* PBXContainerItemProxy */ = {
			isa = PBXContainerItemProxy;
			containerPortal = 1E3E16431EFDCC5B00BF6774 /* Project object */;
			proxyType = 1;
			remoteGlobalIDString = 1E76BDCF1F14F104006560AA;
			remoteInfo = "Rune Cast Extension";
		};
		1E76BDDC1F14F104006560AA /* PBXContainerItemProxy */ = {
			isa = PBXContainerItemProxy;
			containerPortal = 1E3E16431EFDCC5B00BF6774 /* Project object */;
			proxyType = 1;
			remoteGlobalIDString = 1E76BDC31F14F104006560AA;
			remoteInfo = "Rune Cast";
		};
/* End PBXContainerItemProxy section */

/* Begin PBXCopyFilesBuildPhase section */
		1E2722EE1F0BC7A5003BD7F3 /* Embed App Extensions */ = {
			isa = PBXCopyFilesBuildPhase;
			buildActionMask = 2147483647;
			dstPath = "";
			dstSubfolderSpec = 13;
			files = (
				1E2722EA1F0BC7A5003BD7F3 /* Rune Stickers.appex in Embed App Extensions */,
			);
			name = "Embed App Extensions";
			runOnlyForDeploymentPostprocessing = 0;
		};
		1E76BDE41F14F104006560AA /* Embed App Extensions */ = {
			isa = PBXCopyFilesBuildPhase;
			buildActionMask = 2147483647;
			dstPath = "";
			dstSubfolderSpec = 13;
			files = (
				1E76BDD11F14F104006560AA /* Rune Cast Extension.appex in Embed App Extensions */,
			);
			name = "Embed App Extensions";
			runOnlyForDeploymentPostprocessing = 0;
		};
		1E76BDE61F14F104006560AA /* Embed Watch Content */ = {
			isa = PBXCopyFilesBuildPhase;
			buildActionMask = 2147483647;
			dstPath = "$(CONTENTS_FOLDER_PATH)/Watch";
			dstSubfolderSpec = 16;
			files = (
				1E76BDDE1F14F104006560AA /* Rune Cast.app in Embed Watch Content */,
			);
			name = "Embed Watch Content";
			runOnlyForDeploymentPostprocessing = 0;
		};
/* End PBXCopyFilesBuildPhase section */

/* Begin PBXFileReference section */
		1E2722E31F0BC7A5003BD7F3 /* Rune Stickers.appex */ = {isa = PBXFileReference; explicitFileType = "wrapper.app-extension"; includeInIndex = 0; path = "Rune Stickers.appex"; sourceTree = BUILT_PRODUCTS_DIR; };
		1E2722E51F0BC7A5003BD7F3 /* Stickers.xcassets */ = {isa = PBXFileReference; lastKnownFileType = folder.assetcatalog; path = Stickers.xcassets; sourceTree = "<group>"; };
		1E2722E71F0BC7A5003BD7F3 /* Info.plist */ = {isa = PBXFileReference; lastKnownFileType = text.plist.xml; path = Info.plist; sourceTree = "<group>"; };
		1E3E164B1EFDCC5B00BF6774 /* Rune Dictionary.app */ = {isa = PBXFileReference; explicitFileType = wrapper.application; includeInIndex = 0; path = "Rune Dictionary.app"; sourceTree = BUILT_PRODUCTS_DIR; };
		1E3E164E1EFDCC5B00BF6774 /* AppDelegate.swift */ = {isa = PBXFileReference; lastKnownFileType = sourcecode.swift; path = AppDelegate.swift; sourceTree = "<group>"; };
		1E3E16501EFDCC5B00BF6774 /* ViewController.swift */ = {isa = PBXFileReference; lastKnownFileType = sourcecode.swift; path = ViewController.swift; sourceTree = "<group>"; };
		1E3E16531EFDCC5B00BF6774 /* Base */ = {isa = PBXFileReference; lastKnownFileType = file.storyboard; name = Base; path = Base.lproj/Main.storyboard; sourceTree = "<group>"; };
		1E3E16551EFDCC5B00BF6774 /* Assets.xcassets */ = {isa = PBXFileReference; lastKnownFileType = folder.assetcatalog; path = Assets.xcassets; sourceTree = "<group>"; };
		1E3E16581EFDCC5B00BF6774 /* Base */ = {isa = PBXFileReference; lastKnownFileType = file.storyboard; name = Base; path = Base.lproj/LaunchScreen.storyboard; sourceTree = "<group>"; };
		1E3E165A1EFDCC5B00BF6774 /* Info.plist */ = {isa = PBXFileReference; lastKnownFileType = text.plist.xml; path = Info.plist; sourceTree = "<group>"; };
		1E3E16601EFDCDBC00BF6774 /* Rune.swift */ = {isa = PBXFileReference; fileEncoding = 4; lastKnownFileType = sourcecode.swift; path = Rune.swift; sourceTree = "<group>"; };
		1E4404B81EFDD51400A8193E /* SecondViewController.swift */ = {isa = PBXFileReference; fileEncoding = 4; lastKnownFileType = sourcecode.swift; path = SecondViewController.swift; sourceTree = "<group>"; };
		1E76BDC41F14F104006560AA /* Rune Cast.app */ = {isa = PBXFileReference; explicitFileType = wrapper.application; includeInIndex = 0; path = "Rune Cast.app"; sourceTree = BUILT_PRODUCTS_DIR; };
		1E76BDC71F14F104006560AA /* Base */ = {isa = PBXFileReference; lastKnownFileType = file.storyboard; name = Base; path = Base.lproj/Interface.storyboard; sourceTree = "<group>"; };
		1E76BDC91F14F104006560AA /* Assets.xcassets */ = {isa = PBXFileReference; lastKnownFileType = folder.assetcatalog; path = Assets.xcassets; sourceTree = "<group>"; };
		1E76BDCB1F14F104006560AA /* Info.plist */ = {isa = PBXFileReference; lastKnownFileType = text.plist.xml; path = Info.plist; sourceTree = "<group>"; };
		1E76BDD01F14F104006560AA /* Rune Cast Extension.appex */ = {isa = PBXFileReference; explicitFileType = "wrapper.app-extension"; includeInIndex = 0; path = "Rune Cast Extension.appex"; sourceTree = BUILT_PRODUCTS_DIR; };
		1E76BDD51F14F104006560AA /* InterfaceController.swift */ = {isa = PBXFileReference; lastKnownFileType = sourcecode.swift; path = InterfaceController.swift; sourceTree = "<group>"; };
		1E76BDD71F14F104006560AA /* ExtensionDelegate.swift */ = {isa = PBXFileReference; lastKnownFileType = sourcecode.swift; path = ExtensionDelegate.swift; sourceTree = "<group>"; };
		1E76BDD91F14F104006560AA /* Assets.xcassets */ = {isa = PBXFileReference; lastKnownFileType = folder.assetcatalog; path = Assets.xcassets; sourceTree = "<group>"; };
		1E76BDDB1F14F104006560AA /* Info.plist */ = {isa = PBXFileReference; lastKnownFileType = text.plist.xml; path = Info.plist; sourceTree = "<group>"; };
		1EC1BCB41F06F21900F19EFB /* InfoViewController.swift */ = {isa = PBXFileReference; lastKnownFileType = sourcecode.swift; path = InfoViewController.swift; sourceTree = "<group>"; };
		1ECE20591F06C02C009CC2D8 /* CastingViewController.swift */ = {isa = PBXFileReference; lastKnownFileType = sourcecode.swift; path = CastingViewController.swift; sourceTree = "<group>"; };
		1ED696251FA796770095A3DD /* SettingsViewController.swift */ = {isa = PBXFileReference; lastKnownFileType = sourcecode.swift; path = SettingsViewController.swift; sourceTree = "<group>"; };
/* End PBXFileReference section */

/* Begin PBXFrameworksBuildPhase section */
		1E3E16481EFDCC5B00BF6774 /* Frameworks */ = {
			isa = PBXFrameworksBuildPhase;
			buildActionMask = 2147483647;
			files = (
			);
			runOnlyForDeploymentPostprocessing = 0;
		};
		1E76BDCD1F14F104006560AA /* Frameworks */ = {
			isa = PBXFrameworksBuildPhase;
			buildActionMask = 2147483647;
			files = (
			);
			runOnlyForDeploymentPostprocessing = 0;
		};
/* End PBXFrameworksBuildPhase section */

/* Begin PBXGroup section */
		1E2722E41F0BC7A5003BD7F3 /* Rune Stickers */ = {
			isa = PBXGroup;
			children = (
				1E2722E51F0BC7A5003BD7F3 /* Stickers.xcassets */,
				1E2722E71F0BC7A5003BD7F3 /* Info.plist */,
			);
			path = "Rune Stickers";
			sourceTree = "<group>";
		};
		1E3E16421EFDCC5B00BF6774 = {
			isa = PBXGroup;
			children = (
				1E3E164D1EFDCC5B00BF6774 /* Rune Dictionary */,
				1E2722E41F0BC7A5003BD7F3 /* Rune Stickers */,
				1E76BDC51F14F104006560AA /* Rune Cast */,
				1E76BDD41F14F104006560AA /* Rune Cast Extension */,
				1E3E164C1EFDCC5B00BF6774 /* Products */,
			);
			sourceTree = "<group>";
		};
		1E3E164C1EFDCC5B00BF6774 /* Products */ = {
			isa = PBXGroup;
			children = (
				1E3E164B1EFDCC5B00BF6774 /* Rune Dictionary.app */,
				1E2722E31F0BC7A5003BD7F3 /* Rune Stickers.appex */,
				1E76BDC41F14F104006560AA /* Rune Cast.app */,
				1E76BDD01F14F104006560AA /* Rune Cast Extension.appex */,
			);
			name = Products;
			sourceTree = "<group>";
		};
		1E3E164D1EFDCC5B00BF6774 /* Rune Dictionary */ = {
			isa = PBXGroup;
			children = (
				1E3E164E1EFDCC5B00BF6774 /* AppDelegate.swift */,
				1E3E16601EFDCDBC00BF6774 /* Rune.swift */,
				1E3E16501EFDCC5B00BF6774 /* ViewController.swift */,
				1E4404B81EFDD51400A8193E /* SecondViewController.swift */,
				1ECE20591F06C02C009CC2D8 /* CastingViewController.swift */,
				1EC1BCB41F06F21900F19EFB /* InfoViewController.swift */,
				1ED696251FA796770095A3DD /* SettingsViewController.swift */,
				1E3E16521EFDCC5B00BF6774 /* Main.storyboard */,
				1E3E16551EFDCC5B00BF6774 /* Assets.xcassets */,
				1E3E16571EFDCC5B00BF6774 /* LaunchScreen.storyboard */,
				1E3E165A1EFDCC5B00BF6774 /* Info.plist */,
			);
			path = "Rune Dictionary";
			sourceTree = "<group>";
		};
		1E76BDC51F14F104006560AA /* Rune Cast */ = {
			isa = PBXGroup;
			children = (
				1E76BDC61F14F104006560AA /* Interface.storyboard */,
				1E76BDC91F14F104006560AA /* Assets.xcassets */,
				1E76BDCB1F14F104006560AA /* Info.plist */,
			);
			path = "Rune Cast";
			sourceTree = "<group>";
		};
		1E76BDD41F14F104006560AA /* Rune Cast Extension */ = {
			isa = PBXGroup;
			children = (
				1E76BDD51F14F104006560AA /* InterfaceController.swift */,
				1E76BDD71F14F104006560AA /* ExtensionDelegate.swift */,
				1E76BDD91F14F104006560AA /* Assets.xcassets */,
				1E76BDDB1F14F104006560AA /* Info.plist */,
			);
			path = "Rune Cast Extension";
			sourceTree = "<group>";
		};
/* End PBXGroup section */

/* Begin PBXNativeTarget section */
		1E2722E21F0BC7A5003BD7F3 /* Rune Stickers */ = {
			isa = PBXNativeTarget;
			buildConfigurationList = 1E2722ED1F0BC7A5003BD7F3 /* Build configuration list for PBXNativeTarget "Rune Stickers" */;
			buildPhases = (
				1E2722E11F0BC7A5003BD7F3 /* Resources */,
			);
			buildRules = (
			);
			dependencies = (
			);
			name = "Rune Stickers";
			productName = "Rune Stickers";
			productReference = 1E2722E31F0BC7A5003BD7F3 /* Rune Stickers.appex */;
			productType = "com.apple.product-type.app-extension.messages-sticker-pack";
		};
		1E3E164A1EFDCC5B00BF6774 /* Rune Dictionary */ = {
			isa = PBXNativeTarget;
			buildConfigurationList = 1E3E165D1EFDCC5B00BF6774 /* Build configuration list for PBXNativeTarget "Rune Dictionary" */;
			buildPhases = (
				1E3E16471EFDCC5B00BF6774 /* Sources */,
				1E3E16481EFDCC5B00BF6774 /* Frameworks */,
				1E3E16491EFDCC5B00BF6774 /* Resources */,
				1E2722EE1F0BC7A5003BD7F3 /* Embed App Extensions */,
				1E76BDE61F14F104006560AA /* Embed Watch Content */,
			);
			buildRules = (
			);
			dependencies = (
				1E2722E91F0BC7A5003BD7F3 /* PBXTargetDependency */,
				1E76BDDD1F14F104006560AA /* PBXTargetDependency */,
			);
			name = "Rune Dictionary";
			productName = "Rune Dictionary";
			productReference = 1E3E164B1EFDCC5B00BF6774 /* Rune Dictionary.app */;
			productType = "com.apple.product-type.application";
		};
		1E76BDC31F14F104006560AA /* Rune Cast */ = {
			isa = PBXNativeTarget;
			buildConfigurationList = 1E76BDE51F14F104006560AA /* Build configuration list for PBXNativeTarget "Rune Cast" */;
			buildPhases = (
				1E76BDC21F14F104006560AA /* Resources */,
				1E76BDE41F14F104006560AA /* Embed App Extensions */,
			);
			buildRules = (
			);
			dependencies = (
				1E76BDD31F14F104006560AA /* PBXTargetDependency */,
			);
			name = "Rune Cast";
			productName = "Rune Cast";
			productReference = 1E76BDC41F14F104006560AA /* Rune Cast.app */;
			productType = "com.apple.product-type.application.watchapp2";
		};
		1E76BDCF1F14F104006560AA /* Rune Cast Extension */ = {
			isa = PBXNativeTarget;
			buildConfigurationList = 1E76BDE31F14F104006560AA /* Build configuration list for PBXNativeTarget "Rune Cast Extension" */;
			buildPhases = (
				1E76BDCC1F14F104006560AA /* Sources */,
				1E76BDCD1F14F104006560AA /* Frameworks */,
				1E76BDCE1F14F104006560AA /* Resources */,
			);
			buildRules = (
			);
			dependencies = (
			);
			name = "Rune Cast Extension";
			productName = "Rune Cast Extension";
			productReference = 1E76BDD01F14F104006560AA /* Rune Cast Extension.appex */;
			productType = "com.apple.product-type.watchkit2-extension";
		};
/* End PBXNativeTarget section */

/* Begin PBXProject section */
		1E3E16431EFDCC5B00BF6774 /* Project object */ = {
			isa = PBXProject;
			attributes = {
				LastSwiftUpdateCheck = 0830;
				LastUpgradeCheck = 0900;
				ORGANIZATIONNAME = "Ryan Ball";
				TargetAttributes = {
					1E2722E21F0BC7A5003BD7F3 = {
						CreatedOnToolsVersion = 9.0;
						DevelopmentTeam = 8GT4MJG4L6;
					};
					1E3E164A1EFDCC5B00BF6774 = {
						CreatedOnToolsVersion = 8.3.3;
						DevelopmentTeam = 8GT4MJG4L6;
						LastSwiftMigration = 0900;
						ProvisioningStyle = Automatic;
					};
					1E76BDC31F14F104006560AA = {
						CreatedOnToolsVersion = 8.3.3;
						DevelopmentTeam = 8GT4MJG4L6;
						LastSwiftMigration = 0900;
						ProvisioningStyle = Automatic;
					};
					1E76BDCF1F14F104006560AA = {
						CreatedOnToolsVersion = 8.3.3;
						DevelopmentTeam = 8GT4MJG4L6;
						LastSwiftMigration = 0900;
						ProvisioningStyle = Automatic;
					};
				};
			};
			buildConfigurationList = 1E3E16461EFDCC5B00BF6774 /* Build configuration list for PBXProject "Rune Dictionary" */;
			compatibilityVersion = "Xcode 3.2";
			developmentRegion = English;
			hasScannedForEncodings = 0;
			knownRegions = (
				en,
				Base,
			);
			mainGroup = 1E3E16421EFDCC5B00BF6774;
			productRefGroup = 1E3E164C1EFDCC5B00BF6774 /* Products */;
			projectDirPath = "";
			projectRoot = "";
			targets = (
				1E3E164A1EFDCC5B00BF6774 /* Rune Dictionary */,
				1E2722E21F0BC7A5003BD7F3 /* Rune Stickers */,
				1E76BDC31F14F104006560AA /* Rune Cast */,
				1E76BDCF1F14F104006560AA /* Rune Cast Extension */,
			);
		};
/* End PBXProject section */

/* Begin PBXResourcesBuildPhase section */
		1E2722E11F0BC7A5003BD7F3 /* Resources */ = {
			isa = PBXResourcesBuildPhase;
			buildActionMask = 2147483647;
			files = (
				1E2722E61F0BC7A5003BD7F3 /* Stickers.xcassets in Resources */,
			);
			runOnlyForDeploymentPostprocessing = 0;
		};
		1E3E16491EFDCC5B00BF6774 /* Resources */ = {
			isa = PBXResourcesBuildPhase;
			buildActionMask = 2147483647;
			files = (
				1E3E16591EFDCC5B00BF6774 /* LaunchScreen.storyboard in Resources */,
				1E3E16561EFDCC5B00BF6774 /* Assets.xcassets in Resources */,
				1E3E16541EFDCC5B00BF6774 /* Main.storyboard in Resources */,
			);
			runOnlyForDeploymentPostprocessing = 0;
		};
		1E76BDC21F14F104006560AA /* Resources */ = {
			isa = PBXResourcesBuildPhase;
			buildActionMask = 2147483647;
			files = (
				1E1622A31F14F9AF007D777B /* Assets.xcassets in Resources */,
				1E76BDC81F14F104006560AA /* Interface.storyboard in Resources */,
			);
			runOnlyForDeploymentPostprocessing = 0;
		};
		1E76BDCE1F14F104006560AA /* Resources */ = {
			isa = PBXResourcesBuildPhase;
			buildActionMask = 2147483647;
			files = (
				1EAEAD481F7D367B003A4695 /* Assets.xcassets in Resources */,
			);
			runOnlyForDeploymentPostprocessing = 0;
		};
/* End PBXResourcesBuildPhase section */

/* Begin PBXSourcesBuildPhase section */
		1E3E16471EFDCC5B00BF6774 /* Sources */ = {
			isa = PBXSourcesBuildPhase;
			buildActionMask = 2147483647;
			files = (
				1E4404B91EFDD51400A8193E /* SecondViewController.swift in Sources */,
				1E3E16611EFDCDBC00BF6774 /* Rune.swift in Sources */,
				1ECE205A1F06C02C009CC2D8 /* CastingViewController.swift in Sources */,
				1E16229B1F14F5BB007D777B /* InterfaceController.swift in Sources */,
				1E3E16511EFDCC5B00BF6774 /* ViewController.swift in Sources */,
				1EC1BCB51F06F21900F19EFB /* InfoViewController.swift in Sources */,
				1E3E164F1EFDCC5B00BF6774 /* AppDelegate.swift in Sources */,
				1ED696261FA796770095A3DD /* SettingsViewController.swift in Sources */,
			);
			runOnlyForDeploymentPostprocessing = 0;
		};
		1E76BDCC1F14F104006560AA /* Sources */ = {
			isa = PBXSourcesBuildPhase;
			buildActionMask = 2147483647;
			files = (
				1E76BDD81F14F104006560AA /* ExtensionDelegate.swift in Sources */,
				1EAEAD491F7D36A1003A4695 /* InterfaceController.swift in Sources */,
			);
			runOnlyForDeploymentPostprocessing = 0;
		};
/* End PBXSourcesBuildPhase section */

/* Begin PBXTargetDependency section */
		1E2722E91F0BC7A5003BD7F3 /* PBXTargetDependency */ = {
			isa = PBXTargetDependency;
			target = 1E2722E21F0BC7A5003BD7F3 /* Rune Stickers */;
			targetProxy = 1E2722E81F0BC7A5003BD7F3 /* PBXContainerItemProxy */;
		};
		1E76BDD31F14F104006560AA /* PBXTargetDependency */ = {
			isa = PBXTargetDependency;
			target = 1E76BDCF1F14F104006560AA /* Rune Cast Extension */;
			targetProxy = 1E76BDD21F14F104006560AA /* PBXContainerItemProxy */;
		};
		1E76BDDD1F14F104006560AA /* PBXTargetDependency */ = {
			isa = PBXTargetDependency;
			target = 1E76BDC31F14F104006560AA /* Rune Cast */;
			targetProxy = 1E76BDDC1F14F104006560AA /* PBXContainerItemProxy */;
		};
/* End PBXTargetDependency section */

/* Begin PBXVariantGroup section */
		1E3E16521EFDCC5B00BF6774 /* Main.storyboard */ = {
			isa = PBXVariantGroup;
			children = (
				1E3E16531EFDCC5B00BF6774 /* Base */,
			);
			name = Main.storyboard;
			sourceTree = "<group>";
		};
		1E3E16571EFDCC5B00BF6774 /* LaunchScreen.storyboard */ = {
			isa = PBXVariantGroup;
			children = (
				1E3E16581EFDCC5B00BF6774 /* Base */,
			);
			name = LaunchScreen.storyboard;
			sourceTree = "<group>";
		};
		1E76BDC61F14F104006560AA /* Interface.storyboard */ = {
			isa = PBXVariantGroup;
			children = (
				1E76BDC71F14F104006560AA /* Base */,
			);
			name = Interface.storyboard;
			sourceTree = "<group>";
		};
/* End PBXVariantGroup section */

/* Begin XCBuildConfiguration section */
		1E2722EB1F0BC7A5003BD7F3 /* Debug */ = {
			isa = XCBuildConfiguration;
			buildSettings = {
				ASSETCATALOG_COMPILER_APPICON_NAME = "iMessage App Icon";
				CLANG_CXX_LANGUAGE_STANDARD = "gnu++14";
				CLANG_WARN_BLOCK_CAPTURE_AUTORELEASING = YES;
				CLANG_WARN_COMMA = YES;
				CLANG_WARN_RANGE_LOOP_ANALYSIS = YES;
				CLANG_WARN_STRICT_PROTOTYPES = YES;
				CLANG_WARN_UNGUARDED_AVAILABILITY = YES_AGGRESSIVE;
				CODE_SIGN_IDENTITY = "iPhone Developer";
				DEVELOPMENT_TEAM = 8GT4MJG4L6;
				GCC_C_LANGUAGE_STANDARD = gnu11;
				INFOPLIST_FILE = "Rune Stickers/Info.plist";
				IPHONEOS_DEPLOYMENT_TARGET = 10.3;
				PRODUCT_BUNDLE_IDENTIFIER = "net.ryanball.Rune-Dictionary.Rune-Stickers";
				PRODUCT_NAME = "$(TARGET_NAME)";
				SKIP_INSTALL = YES;
				TARGETED_DEVICE_FAMILY = "1,2";
			};
			name = Debug;
		};
		1E2722EC1F0BC7A5003BD7F3 /* Release */ = {
			isa = XCBuildConfiguration;
			buildSettings = {
				ASSETCATALOG_COMPILER_APPICON_NAME = "iMessage App Icon";
				CLANG_CXX_LANGUAGE_STANDARD = "gnu++14";
				CLANG_WARN_BLOCK_CAPTURE_AUTORELEASING = YES;
				CLANG_WARN_COMMA = YES;
				CLANG_WARN_RANGE_LOOP_ANALYSIS = YES;
				CLANG_WARN_STRICT_PROTOTYPES = YES;
				CLANG_WARN_UNGUARDED_AVAILABILITY = YES_AGGRESSIVE;
				CODE_SIGN_IDENTITY = "iPhone Developer";
				DEVELOPMENT_TEAM = 8GT4MJG4L6;
				GCC_C_LANGUAGE_STANDARD = gnu11;
				INFOPLIST_FILE = "Rune Stickers/Info.plist";
				IPHONEOS_DEPLOYMENT_TARGET = 10.3;
				PRODUCT_BUNDLE_IDENTIFIER = "net.ryanball.Rune-Dictionary.Rune-Stickers";
				PRODUCT_NAME = "$(TARGET_NAME)";
				SKIP_INSTALL = YES;
				TARGETED_DEVICE_FAMILY = "1,2";
			};
			name = Release;
		};
		1E3E165B1EFDCC5B00BF6774 /* Debug */ = {
			isa = XCBuildConfiguration;
			buildSettings = {
				ALWAYS_SEARCH_USER_PATHS = NO;
				CLANG_ANALYZER_NONNULL = YES;
				CLANG_ANALYZER_NUMBER_OBJECT_CONVERSION = YES_AGGRESSIVE;
				CLANG_CXX_LANGUAGE_STANDARD = "gnu++0x";
				CLANG_CXX_LIBRARY = "libc++";
				CLANG_ENABLE_MODULES = YES;
				CLANG_ENABLE_OBJC_ARC = YES;
				CLANG_WARN_BLOCK_CAPTURE_AUTORELEASING = YES;
				CLANG_WARN_BOOL_CONVERSION = YES;
				CLANG_WARN_COMMA = YES;
				CLANG_WARN_CONSTANT_CONVERSION = YES;
				CLANG_WARN_DIRECT_OBJC_ISA_USAGE = YES_ERROR;
				CLANG_WARN_DOCUMENTATION_COMMENTS = YES;
				CLANG_WARN_EMPTY_BODY = YES;
				CLANG_WARN_ENUM_CONVERSION = YES;
				CLANG_WARN_INFINITE_RECURSION = YES;
				CLANG_WARN_INT_CONVERSION = YES;
				CLANG_WARN_NON_LITERAL_NULL_CONVERSION = YES;
				CLANG_WARN_OBJC_LITERAL_CONVERSION = YES;
				CLANG_WARN_OBJC_ROOT_CLASS = YES_ERROR;
				CLANG_WARN_RANGE_LOOP_ANALYSIS = YES;
				CLANG_WARN_STRICT_PROTOTYPES = YES;
				CLANG_WARN_SUSPICIOUS_MOVE = YES;
				CLANG_WARN_UNREACHABLE_CODE = YES;
				CLANG_WARN__DUPLICATE_METHOD_MATCH = YES;
				"CODE_SIGN_IDENTITY[sdk=iphoneos*]" = "iPhone Developer";
				COPY_PHASE_STRIP = NO;
				DEBUG_INFORMATION_FORMAT = dwarf;
				ENABLE_STRICT_OBJC_MSGSEND = YES;
				ENABLE_TESTABILITY = YES;
				GCC_C_LANGUAGE_STANDARD = gnu99;
				GCC_DYNAMIC_NO_PIC = NO;
				GCC_NO_COMMON_BLOCKS = YES;
				GCC_OPTIMIZATION_LEVEL = 0;
				GCC_PREPROCESSOR_DEFINITIONS = (
					"DEBUG=1",
					"$(inherited)",
				);
				GCC_WARN_64_TO_32_BIT_CONVERSION = YES;
				GCC_WARN_ABOUT_RETURN_TYPE = YES_ERROR;
				GCC_WARN_UNDECLARED_SELECTOR = YES;
				GCC_WARN_UNINITIALIZED_AUTOS = YES_AGGRESSIVE;
				GCC_WARN_UNUSED_FUNCTION = YES;
				GCC_WARN_UNUSED_VARIABLE = YES;
				IPHONEOS_DEPLOYMENT_TARGET = 10.3;
				MTL_ENABLE_DEBUG_INFO = YES;
				ONLY_ACTIVE_ARCH = YES;
				SDKROOT = iphoneos;
				SWIFT_ACTIVE_COMPILATION_CONDITIONS = DEBUG;
				SWIFT_OPTIMIZATION_LEVEL = "-Onone";
				TARGETED_DEVICE_FAMILY = "1,2";
			};
			name = Debug;
		};
		1E3E165C1EFDCC5B00BF6774 /* Release */ = {
			isa = XCBuildConfiguration;
			buildSettings = {
				ALWAYS_SEARCH_USER_PATHS = NO;
				CLANG_ANALYZER_NONNULL = YES;
				CLANG_ANALYZER_NUMBER_OBJECT_CONVERSION = YES_AGGRESSIVE;
				CLANG_CXX_LANGUAGE_STANDARD = "gnu++0x";
				CLANG_CXX_LIBRARY = "libc++";
				CLANG_ENABLE_MODULES = YES;
				CLANG_ENABLE_OBJC_ARC = YES;
				CLANG_WARN_BLOCK_CAPTURE_AUTORELEASING = YES;
				CLANG_WARN_BOOL_CONVERSION = YES;
				CLANG_WARN_COMMA = YES;
				CLANG_WARN_CONSTANT_CONVERSION = YES;
				CLANG_WARN_DIRECT_OBJC_ISA_USAGE = YES_ERROR;
				CLANG_WARN_DOCUMENTATION_COMMENTS = YES;
				CLANG_WARN_EMPTY_BODY = YES;
				CLANG_WARN_ENUM_CONVERSION = YES;
				CLANG_WARN_INFINITE_RECURSION = YES;
				CLANG_WARN_INT_CONVERSION = YES;
				CLANG_WARN_NON_LITERAL_NULL_CONVERSION = YES;
				CLANG_WARN_OBJC_LITERAL_CONVERSION = YES;
				CLANG_WARN_OBJC_ROOT_CLASS = YES_ERROR;
				CLANG_WARN_RANGE_LOOP_ANALYSIS = YES;
				CLANG_WARN_STRICT_PROTOTYPES = YES;
				CLANG_WARN_SUSPICIOUS_MOVE = YES;
				CLANG_WARN_UNREACHABLE_CODE = YES;
				CLANG_WARN__DUPLICATE_METHOD_MATCH = YES;
				"CODE_SIGN_IDENTITY[sdk=iphoneos*]" = "iPhone Developer";
				COPY_PHASE_STRIP = NO;
				DEBUG_INFORMATION_FORMAT = "dwarf-with-dsym";
				ENABLE_NS_ASSERTIONS = NO;
				ENABLE_STRICT_OBJC_MSGSEND = YES;
				GCC_C_LANGUAGE_STANDARD = gnu99;
				GCC_NO_COMMON_BLOCKS = YES;
				GCC_WARN_64_TO_32_BIT_CONVERSION = YES;
				GCC_WARN_ABOUT_RETURN_TYPE = YES_ERROR;
				GCC_WARN_UNDECLARED_SELECTOR = YES;
				GCC_WARN_UNINITIALIZED_AUTOS = YES_AGGRESSIVE;
				GCC_WARN_UNUSED_FUNCTION = YES;
				GCC_WARN_UNUSED_VARIABLE = YES;
				IPHONEOS_DEPLOYMENT_TARGET = 10.3;
				MTL_ENABLE_DEBUG_INFO = NO;
				SDKROOT = iphoneos;
				SWIFT_OPTIMIZATION_LEVEL = "-Owholemodule";
				TARGETED_DEVICE_FAMILY = "1,2";
				VALIDATE_PRODUCT = YES;
			};
			name = Release;
		};
		1E3E165E1EFDCC5B00BF6774 /* Debug */ = {
			isa = XCBuildConfiguration;
			buildSettings = {
				ASSETCATALOG_COMPILER_APPICON_NAME = AppIcon;
				CODE_SIGN_IDENTITY = "iPhone Developer";
				DEVELOPMENT_TEAM = 8GT4MJG4L6;
				INFOPLIST_FILE = "Rune Dictionary/Info.plist";
				LD_RUNPATH_SEARCH_PATHS = "$(inherited) @executable_path/Frameworks";
				PRODUCT_BUNDLE_IDENTIFIER = "net.ryanball.Rune-Dictionary";
				PRODUCT_NAME = "$(TARGET_NAME)";
				SWIFT_SWIFT3_OBJC_INFERENCE = Default;
				SWIFT_VERSION = 4.0;
			};
			name = Debug;
		};
		1E3E165F1EFDCC5B00BF6774 /* Release */ = {
			isa = XCBuildConfiguration;
			buildSettings = {
				ASSETCATALOG_COMPILER_APPICON_NAME = AppIcon;
				CODE_SIGN_IDENTITY = "iPhone Developer";
				DEVELOPMENT_TEAM = 8GT4MJG4L6;
				INFOPLIST_FILE = "Rune Dictionary/Info.plist";
				LD_RUNPATH_SEARCH_PATHS = "$(inherited) @executable_path/Frameworks";
				PRODUCT_BUNDLE_IDENTIFIER = "net.ryanball.Rune-Dictionary";
				PRODUCT_NAME = "$(TARGET_NAME)";
				SWIFT_SWIFT3_OBJC_INFERENCE = Default;
				SWIFT_VERSION = 4.0;
			};
			name = Release;
		};
		1E76BDDF1F14F104006560AA /* Debug */ = {
			isa = XCBuildConfiguration;
			buildSettings = {
				ALWAYS_EMBED_SWIFT_STANDARD_LIBRARIES = YES;
				ASSETCATALOG_COMPILER_APPICON_NAME = AppIcon;
				CODE_SIGN_IDENTITY = "iPhone Developer";
				DEVELOPMENT_TEAM = 8GT4MJG4L6;
				IBSC_MODULE = Rune_Cast_Extension;
				INFOPLIST_FILE = "Rune Cast/Info.plist";
				PRODUCT_BUNDLE_IDENTIFIER = "net.ryanball.Rune-Dictionary.watchkitapp";
				PRODUCT_NAME = "$(TARGET_NAME)";
				SDKROOT = watchos;
				SKIP_INSTALL = YES;
				SWIFT_SWIFT3_OBJC_INFERENCE = On;
				SWIFT_VERSION = 4.0;
				TARGETED_DEVICE_FAMILY = 4;
				WATCHOS_DEPLOYMENT_TARGET = 3.2;
			};
			name = Debug;
		};
		1E76BDE01F14F104006560AA /* Release */ = {
			isa = XCBuildConfiguration;
			buildSettings = {
				ALWAYS_EMBED_SWIFT_STANDARD_LIBRARIES = YES;
				ASSETCATALOG_COMPILER_APPICON_NAME = AppIcon;
				CODE_SIGN_IDENTITY = "iPhone Developer";
				DEVELOPMENT_TEAM = 8GT4MJG4L6;
				IBSC_MODULE = Rune_Cast_Extension;
				INFOPLIST_FILE = "Rune Cast/Info.plist";
				PRODUCT_BUNDLE_IDENTIFIER = "net.ryanball.Rune-Dictionary.watchkitapp";
				PRODUCT_NAME = "$(TARGET_NAME)";
				SDKROOT = watchos;
				SKIP_INSTALL = YES;
				SWIFT_SWIFT3_OBJC_INFERENCE = On;
				SWIFT_VERSION = 4.0;
				TARGETED_DEVICE_FAMILY = 4;
				WATCHOS_DEPLOYMENT_TARGET = 3.2;
			};
			name = Release;
		};
		1E76BDE11F14F104006560AA /* Debug */ = {
			isa = XCBuildConfiguration;
			buildSettings = {
				ASSETCATALOG_COMPILER_COMPLICATION_NAME = Complication;
				DEVELOPMENT_TEAM = 8GT4MJG4L6;
				INFOPLIST_FILE = "Rune Cast Extension/Info.plist";
				LD_RUNPATH_SEARCH_PATHS = "$(inherited) @executable_path/Frameworks @executable_path/../../Frameworks";
				PRODUCT_BUNDLE_IDENTIFIER = "net.ryanball.Rune-Dictionary.watchkitapp.watchkitextension";
				PRODUCT_NAME = "${TARGET_NAME}";
				SDKROOT = watchos;
				SKIP_INSTALL = YES;
				SWIFT_SWIFT3_OBJC_INFERENCE = Default;
				SWIFT_VERSION = 4.0;
				TARGETED_DEVICE_FAMILY = 4;
				WATCHOS_DEPLOYMENT_TARGET = 3.2;
			};
			name = Debug;
		};
		1E76BDE21F14F104006560AA /* Release */ = {
			isa = XCBuildConfiguration;
			buildSettings = {
				ASSETCATALOG_COMPILER_COMPLICATION_NAME = Complication;
				DEVELOPMENT_TEAM = 8GT4MJG4L6;
				INFOPLIST_FILE = "Rune Cast Extension/Info.plist";
				LD_RUNPATH_SEARCH_PATHS = "$(inherited) @executable_path/Frameworks @executable_path/../../Frameworks";
				PRODUCT_BUNDLE_IDENTIFIER = "net.ryanball.Rune-Dictionary.watchkitapp.watchkitextension";
				PRODUCT_NAME = "${TARGET_NAME}";
				SDKROOT = watchos;
				SKIP_INSTALL = YES;
				SWIFT_SWIFT3_OBJC_INFERENCE = Default;
				SWIFT_VERSION = 4.0;
				TARGETED_DEVICE_FAMILY = 4;
				WATCHOS_DEPLOYMENT_TARGET = 3.2;
			};
			name = Release;
		};
/* End XCBuildConfiguration section */

/* Begin XCConfigurationList section */
		1E2722ED1F0BC7A5003BD7F3 /* Build configuration list for PBXNativeTarget "Rune Stickers" */ = {
			isa = XCConfigurationList;
			buildConfigurations = (
				1E2722EB1F0BC7A5003BD7F3 /* Debug */,
				1E2722EC1F0BC7A5003BD7F3 /* Release */,
			);
			defaultConfigurationIsVisible = 0;
			defaultConfigurationName = Release;
		};
		1E3E16461EFDCC5B00BF6774 /* Build configuration list for PBXProject "Rune Dictionary" */ = {
			isa = XCConfigurationList;
			buildConfigurations = (
				1E3E165B1EFDCC5B00BF6774 /* Debug */,
				1E3E165C1EFDCC5B00BF6774 /* Release */,
			);
			defaultConfigurationIsVisible = 0;
			defaultConfigurationName = Release;
		};
		1E3E165D1EFDCC5B00BF6774 /* Build configuration list for PBXNativeTarget "Rune Dictionary" */ = {
			isa = XCConfigurationList;
			buildConfigurations = (
				1E3E165E1EFDCC5B00BF6774 /* Debug */,
				1E3E165F1EFDCC5B00BF6774 /* Release */,
			);
			defaultConfigurationIsVisible = 0;
			defaultConfigurationName = Release;
		};
		1E76BDE31F14F104006560AA /* Build configuration list for PBXNativeTarget "Rune Cast Extension" */ = {
			isa = XCConfigurationList;
			buildConfigurations = (
				1E76BDE11F14F104006560AA /* Debug */,
				1E76BDE21F14F104006560AA /* Release */,
			);
			defaultConfigurationIsVisible = 0;
			defaultConfigurationName = Release;
		};
		1E76BDE51F14F104006560AA /* Build configuration list for PBXNativeTarget "Rune Cast" */ = {
			isa = XCConfigurationList;
			buildConfigurations = (
				1E76BDDF1F14F104006560AA /* Debug */,
				1E76BDE01F14F104006560AA /* Release */,
			);
			defaultConfigurationIsVisible = 0;
			defaultConfigurationName = Release;
		};
/* End XCConfigurationList section */
	};
	rootObject = 1E3E16431EFDCC5B00BF6774 /* Project object */;
}
